
Microsoft Visual Studio Solution File, Format Version 12.00
# Visual Studio Version 17
VisualStudioVersion = 17.3.32819.101
MinimumVisualStudioVersion = 10.0.40219.1
Project("{FAE04EC0-301F-11D3-BF4B-00C04F79EFBC}") = "CSO_Text_Checker", "CSO_Text_Checker\CSO_Text_Checker.csproj", "{3D090D3B-B271-4C8E-935A-A6CB5D0803EE}"
EndProject
Global
	GlobalSection(SolutionConfigurationPlatforms) = preSolution
		Debug|Any CPU = Debug|Any CPU
		Release|Any CPU = Release|Any CPU
	EndGlobalSection
	GlobalSection(ProjectConfigurationPlatforms) = postSolution
		{3D090D3B-B271-4C8E-935A-A6CB5D0803EE}.Debug|Any CPU.ActiveCfg = Debug|Any CPU
		{3D090D3B-B271-4C8E-935A-A6CB5D0803EE}.Debug|Any CPU.Build.0 = Debug|Any CPU
		{3D090D3B-B271-4C8E-935A-A6CB5D0803EE}.Release|Any CPU.ActiveCfg = Release|Any CPU
		{3D090D3B-B271-4C8E-935A-A6CB5D0803EE}.Release|Any CPU.Build.0 = Release|Any CPU
	EndGlobalSection
	GlobalSection(SolutionProperties) = preSolution
		HideSolutionNode = FALSE
	EndGlobalSection
	GlobalSection(ExtensibilityGlobals) = postSolution
		SolutionGuid = {F6EC8428-7D38-4AC5-9FAA-B76CC808C140}
	EndGlobalSection
EndGlobal
